
Microsoft Visual Studio Solution File, Format Version 12.00
# Visual Studio Version 16
VisualStudioVersion = 16.0.30128.74
MinimumVisualStudioVersion = 10.0.40219.1
Project("{FAE04EC0-301F-11D3-BF4B-00C04F79EFBC}") = "DemoLogger", "DemoLogger.csproj", "{A88CF991-8042-40AE-8BCC-CA92C475373A}"
EndProject
Global
	GlobalSection(SolutionConfigurationPlatforms) = preSolution
		Debug|Any CPU = Debug|Any CPU
		Release|Any CPU = Release|Any CPU
	EndGlobalSection
	GlobalSection(ProjectConfigurationPlatforms) = postSolution
		{A88CF991-8042-40AE-8BCC-CA92C475373A}.Debug|Any CPU.ActiveCfg = Debug|Any CPU
		{A88CF991-8042-40AE-8BCC-CA92C475373A}.Debug|Any CPU.Build.0 = Debug|Any CPU
		{A88CF991-8042-40AE-8BCC-CA92C475373A}.Release|Any CPU.ActiveCfg = Release|Any CPU
		{A88CF991-8042-40AE-8BCC-CA92C475373A}.Release|Any CPU.Build.0 = Release|Any CPU
	EndGlobalSection
	GlobalSection(SolutionProperties) = preSolution
		HideSolutionNode = FALSE
	EndGlobalSection
	GlobalSection(ExtensibilityGlobals) = postSolution
		SolutionGuid = {A276445C-682B-47FB-99CF-55CAB785BFB6}
	EndGlobalSection
EndGlobal
